
Microsoft Visual Studio Solution File, Format Version 12.00
Project("{FAE04EC0-301F-11D3-BF4B-00C04F79EFBC}") = "AdventOfCode2025", "AdventOfCode2025\AdventOfCode2025.csproj", "{31893602-F082-4162-A3BE-9011389DC2E9}"
EndProject
Global
	GlobalSection(SolutionConfigurationPlatforms) = preSolution
		Debug|Any CPU = Debug|Any CPU
		Release|Any CPU = Release|Any CPU
	EndGlobalSection
	GlobalSection(ProjectConfigurationPlatforms) = postSolution
		{31893602-F082-4162-A3BE-9011389DC2E9}.Debug|Any CPU.ActiveCfg = Debug|Any CPU
		{31893602-F082-4162-A3BE-9011389DC2E9}.Debug|Any CPU.Build.0 = Debug|Any CPU
		{31893602-F082-4162-A3BE-9011389DC2E9}.Release|Any CPU.ActiveCfg = Release|Any CPU
		{31893602-F082-4162-A3BE-9011389DC2E9}.Release|Any CPU.Build.0 = Release|Any CPU
	EndGlobalSection
EndGlobal
